
Microsoft Visual Studio Solution File, Format Version 12.00
# Visual Studio Version 17
VisualStudioVersion = 17.9.34701.34
MinimumVisualStudioVersion = 10.0.40219.1
Project("{9A19103F-16F7-4668-BE54-9A1E7A4F7556}") = "Navigations", "Navigations\Navigations.csproj", "{FF1B002E-D93C-4F35-A4E1-AFB6645BACE7}"
EndProject
Project("{FAE04EC0-301F-11D3-BF4B-00C04F79EFBC}") = "Dominio", "Dominio\Dominio.csproj", "{9644F441-47DC-4402-BB6E-FB0A965DFFCE}"
EndProject
Global
	GlobalSection(SolutionConfigurationPlatforms) = preSolution
		Debug|Any CPU = Debug|Any CPU
		Release|Any CPU = Release|Any CPU
	EndGlobalSection
	GlobalSection(ProjectConfigurationPlatforms) = postSolution
		{FF1B002E-D93C-4F35-A4E1-AFB6645BACE7}.Debug|Any CPU.ActiveCfg = Debug|Any CPU
		{FF1B002E-D93C-4F35-A4E1-AFB6645BACE7}.Debug|Any CPU.Build.0 = Debug|Any CPU
		{FF1B002E-D93C-4F35-A4E1-AFB6645BACE7}.Debug|Any CPU.Deploy.0 = Debug|Any CPU
		{FF1B002E-D93C-4F35-A4E1-AFB6645BACE7}.Release|Any CPU.ActiveCfg = Release|Any CPU
		{FF1B002E-D93C-4F35-A4E1-AFB6645BACE7}.Release|Any CPU.Build.0 = Release|Any CPU
		{FF1B002E-D93C-4F35-A4E1-AFB6645BACE7}.Release|Any CPU.Deploy.0 = Release|Any CPU
		{9644F441-47DC-4402-BB6E-FB0A965DFFCE}.Debug|Any CPU.ActiveCfg = Debug|Any CPU
		{9644F441-47DC-4402-BB6E-FB0A965DFFCE}.Debug|Any CPU.Build.0 = Debug|Any CPU
		{9644F441-47DC-4402-BB6E-FB0A965DFFCE}.Release|Any CPU.ActiveCfg = Release|Any CPU
		{9644F441-47DC-4402-BB6E-FB0A965DFFCE}.Release|Any CPU.Build.0 = Release|Any CPU
	EndGlobalSection
	GlobalSection(SolutionProperties) = preSolution
		HideSolutionNode = FALSE
	EndGlobalSection
	GlobalSection(ExtensibilityGlobals) = postSolution
		SolutionGuid = {82A3C56C-A566-43A2-953E-ADBF8D73C994}
	EndGlobalSection
EndGlobal
